
Microsoft Visual Studio Solution File, Format Version 12.00
# Visual Studio Version 17
VisualStudioVersion = 17.3.32929.385
MinimumVisualStudioVersion = 10.0.40219.1
Project("{8BC9CEB8-8B4A-11D0-8D11-00A0C91BC942}") = "Lb3z1", "Lb3z1.vcxproj", "{99CD0C1F-C810-4FEC-802B-173E4B267D6B}"
EndProject
Global
	GlobalSection(SolutionConfigurationPlatforms) = preSolution
		Debug|x64 = Debug|x64
		Debug|x86 = Debug|x86
		Release|x64 = Release|x64
		Release|x86 = Release|x86
	EndGlobalSection
	GlobalSection(ProjectConfigurationPlatforms) = postSolution
		{99CD0C1F-C810-4FEC-802B-173E4B267D6B}.Debug|x64.ActiveCfg = Debug|x64
		{99CD0C1F-C810-4FEC-802B-173E4B267D6B}.Debug|x64.Build.0 = Debug|x64
		{99CD0C1F-C810-4FEC-802B-173E4B267D6B}.Debug|x86.ActiveCfg = Debug|Win32
		{99CD0C1F-C810-4FEC-802B-173E4B267D6B}.Debug|x86.Build.0 = Debug|Win32
		{99CD0C1F-C810-4FEC-802B-173E4B267D6B}.Release|x64.ActiveCfg = Release|x64
		{99CD0C1F-C810-4FEC-802B-173E4B267D6B}.Release|x64.Build.0 = Release|x64
		{99CD0C1F-C810-4FEC-802B-173E4B267D6B}.Release|x86.ActiveCfg = Release|Win32
		{99CD0C1F-C810-4FEC-802B-173E4B267D6B}.Release|x86.Build.0 = Release|Win32
	EndGlobalSection
	GlobalSection(SolutionProperties) = preSolution
		HideSolutionNode = FALSE
	EndGlobalSection
	GlobalSection(ExtensibilityGlobals) = postSolution
		SolutionGuid = {CE8870E7-CD78-41A2-B558-DB2878F395A0}
	EndGlobalSection
EndGlobal
